
Microsoft Visual Studio Solution File, Format Version 12.00
# Visual Studio Version 17
VisualStudioVersion = 17.14.36301.6 d17.14
MinimumVisualStudioVersion = 10.0.40219.1
Project("{FAE04EC0-301F-11D3-BF4B-00C04F79EFBC}") = "TanukiTarkovMap", "TanukiTarkovMap\TanukiTarkovMap.csproj", "{3094AE2D-0579-4E91-BC86-6EFC5014ECDD}"
EndProject
Global
	GlobalSection(SolutionConfigurationPlatforms) = preSolution
		Debug|Any CPU = Debug|Any CPU
		Release|Any CPU = Release|Any CPU
	EndGlobalSection
	GlobalSection(ProjectConfigurationPlatforms) = postSolution
		{3094AE2D-0579-4E91-BC86-6EFC5014ECDD}.Debug|Any CPU.ActiveCfg = Debug|Any CPU
		{3094AE2D-0579-4E91-BC86-6EFC5014ECDD}.Debug|Any CPU.Build.0 = Debug|Any CPU
		{3094AE2D-0579-4E91-BC86-6EFC5014ECDD}.Release|Any CPU.ActiveCfg = Release|Any CPU
		{3094AE2D-0579-4E91-BC86-6EFC5014ECDD}.Release|Any CPU.Build.0 = Release|Any CPU
	EndGlobalSection
	GlobalSection(SolutionProperties) = preSolution
		HideSolutionNode = FALSE
	EndGlobalSection
	GlobalSection(ExtensibilityGlobals) = postSolution
		SolutionGuid = {02944A00-21B1-4AAC-823C-B5718BDE1C57}
	EndGlobalSection
EndGlobal
